
Microsoft Visual Studio Solution File, Format Version 12.00
# Visual Studio 15
VisualStudioVersion = 15.0.28307.438
MinimumVisualStudioVersion = 10.0.40219.1
Project("{FAE04EC0-301F-11D3-BF4B-00C04F79EFBC}") = "GnomePower", "GnomePower\GnomePower.csproj", "{5EC5D3CB-6C3C-434C-A772-6CFFF716FA93}"
EndProject
Project("{54435603-DBB4-11D2-8724-00A0C9A8B90C}") = "Gnome_setup", "Gnome_setup\Gnome_setup.vdproj", "{1F1DB789-D2EE-498B-A59F-9ED990DDF2DB}"
EndProject
Global
	GlobalSection(SolutionConfigurationPlatforms) = preSolution
		Debug|Any CPU = Debug|Any CPU
		Release|Any CPU = Release|Any CPU
	EndGlobalSection
	GlobalSection(ProjectConfigurationPlatforms) = postSolution
		{5EC5D3CB-6C3C-434C-A772-6CFFF716FA93}.Debug|Any CPU.ActiveCfg = Debug|Any CPU
		{5EC5D3CB-6C3C-434C-A772-6CFFF716FA93}.Debug|Any CPU.Build.0 = Debug|Any CPU
		{5EC5D3CB-6C3C-434C-A772-6CFFF716FA93}.Release|Any CPU.ActiveCfg = Release|Any CPU
		{5EC5D3CB-6C3C-434C-A772-6CFFF716FA93}.Release|Any CPU.Build.0 = Release|Any CPU
		{1F1DB789-D2EE-498B-A59F-9ED990DDF2DB}.Debug|Any CPU.ActiveCfg = Debug
		{1F1DB789-D2EE-498B-A59F-9ED990DDF2DB}.Release|Any CPU.ActiveCfg = Release
	EndGlobalSection
	GlobalSection(SolutionProperties) = preSolution
		HideSolutionNode = FALSE
	EndGlobalSection
	GlobalSection(ExtensibilityGlobals) = postSolution
		SolutionGuid = {97F4650C-8122-4B9B-9EB0-380970A9EC10}
	EndGlobalSection
EndGlobal
